
Microsoft Visual Studio Solution File, Format Version 12.00
# Visual Studio Version 17
VisualStudioVersion = 17.11.35312.102
MinimumVisualStudioVersion = 10.0.40219.1
Project("{FAE04EC0-301F-11D3-BF4B-00C04F79EFBC}") = "MergeSort", "MergeSort\MergeSort.csproj", "{5FC1CFC8-0449-4734-A7EC-880118BC886D}"
EndProject
Global
	GlobalSection(SolutionConfigurationPlatforms) = preSolution
		Debug|Any CPU = Debug|Any CPU
		Release|Any CPU = Release|Any CPU
	EndGlobalSection
	GlobalSection(ProjectConfigurationPlatforms) = postSolution
		{5FC1CFC8-0449-4734-A7EC-880118BC886D}.Debug|Any CPU.ActiveCfg = Debug|Any CPU
		{5FC1CFC8-0449-4734-A7EC-880118BC886D}.Debug|Any CPU.Build.0 = Debug|Any CPU
		{5FC1CFC8-0449-4734-A7EC-880118BC886D}.Release|Any CPU.ActiveCfg = Release|Any CPU
		{5FC1CFC8-0449-4734-A7EC-880118BC886D}.Release|Any CPU.Build.0 = Release|Any CPU
	EndGlobalSection
	GlobalSection(SolutionProperties) = preSolution
		HideSolutionNode = FALSE
	EndGlobalSection
	GlobalSection(ExtensibilityGlobals) = postSolution
		SolutionGuid = {3F2F382B-9DE6-4DCD-9BFB-918540E804B2}
	EndGlobalSection
EndGlobal
